<?xml version="1.0" encoding="utf-8"?>
<Project ToolsVersion="4.0" xmlns="http://schemas.microsoft.com/developer/msbuild/2003">
  <ItemGroup>
    <Filter Include="Brokengine">
      <UniqueIdentifier>{A9258EB0-95DD-CFFD-FEE4-A859EABB6AEE}</UniqueIdentifier>
    </Filter>
  </ItemGroup>
  <ItemGroup>
    <ClInclude Include="src\Brokengine.h" />
    <ClInclude Include="src\Brokengine\Application.h">
      <Filter>Brokengine</Filter>
    </ClInclude>
    <ClInclude Include="src\Brokengine\Core.h">
      <Filter>Brokengine</Filter>
    </ClInclude>
    <ClInclude Include="src\Brokengine\EntryPoint.h">
      <Filter>Brokengine</Filter>
    </ClInclude>
    <ClInclude Include="src\Brokengine\Log.h">
      <Filter>Brokengine</Filter>
    </ClInclude>
  </ItemGroup>
  <ItemGroup>
    <ClCompile Include="src\Brokengine\Application.cpp">
      <Filter>Brokengine</Filter>
    </ClCompile>
    <ClCompile Include="src\Brokengine\Log.cpp">
      <Filter>Brokengine</Filter>
    </ClCompile>
  </ItemGroup>
</Project>